
Microsoft Visual Studio Solution File, Format Version 12.00
# Visual Studio 15
VisualStudioVersion = 15.0.28307.902
MinimumVisualStudioVersion = 10.0.40219.1
Project("{FAE04EC0-301F-11D3-BF4B-00C04F79EFBC}") = "Event_OrganiserWebApp", "Event_OrganiserWebApp\Event_OrganiserWebApp.csproj", "{4A6FE90D-9D67-4C86-ACD6-5984872D7EE8}"
EndProject
Global
	GlobalSection(SolutionConfigurationPlatforms) = preSolution
		Debug|Any CPU = Debug|Any CPU
		Release|Any CPU = Release|Any CPU
	EndGlobalSection
	GlobalSection(ProjectConfigurationPlatforms) = postSolution
		{4A6FE90D-9D67-4C86-ACD6-5984872D7EE8}.Debug|Any CPU.ActiveCfg = Debug|Any CPU
		{4A6FE90D-9D67-4C86-ACD6-5984872D7EE8}.Debug|Any CPU.Build.0 = Debug|Any CPU
		{4A6FE90D-9D67-4C86-ACD6-5984872D7EE8}.Release|Any CPU.ActiveCfg = Release|Any CPU
		{4A6FE90D-9D67-4C86-ACD6-5984872D7EE8}.Release|Any CPU.Build.0 = Release|Any CPU
	EndGlobalSection
	GlobalSection(SolutionProperties) = preSolution
		HideSolutionNode = FALSE
	EndGlobalSection
	GlobalSection(ExtensibilityGlobals) = postSolution
		SolutionGuid = {060EAA19-3F8A-4776-A191-D612410FB8F6}
	EndGlobalSection
EndGlobal
